
Microsoft Visual Studio Solution File, Format Version 12.00
# Visual Studio Version 17
VisualStudioVersion = 17.3.32714.290
MinimumVisualStudioVersion = 10.0.40219.1
Project("{9A19103F-16F7-4668-BE54-9A1E7A4F7556}") = "Dota2GSI", "Dota2GSI\Dota2GSI.csproj", "{1DF9658B-2DE5-4A00-B3F7-6A90F131A5AD}"
	ProjectSection(ProjectDependencies) = postProject
		{3ADC4D3D-7B4C-4EE8-BF8B-1C0F7F280332} = {3ADC4D3D-7B4C-4EE8-BF8B-1C0F7F280332}
	EndProjectSection
EndProject
Project("{FAE04EC0-301F-11D3-BF4B-00C04F79EFBC}") = "Dota2StateListener", "Dota2StateListener\Dota2StateListener.csproj", "{3ADC4D3D-7B4C-4EE8-BF8B-1C0F7F280332}"
EndProject
Global
	GlobalSection(SolutionConfigurationPlatforms) = preSolution
		Debug|Any CPU = Debug|Any CPU
		Release|Any CPU = Release|Any CPU
	EndGlobalSection
	GlobalSection(ProjectConfigurationPlatforms) = postSolution
		{1DF9658B-2DE5-4A00-B3F7-6A90F131A5AD}.Debug|Any CPU.ActiveCfg = Debug|Any CPU
		{1DF9658B-2DE5-4A00-B3F7-6A90F131A5AD}.Debug|Any CPU.Build.0 = Debug|Any CPU
		{1DF9658B-2DE5-4A00-B3F7-6A90F131A5AD}.Release|Any CPU.ActiveCfg = Release|Any CPU
		{1DF9658B-2DE5-4A00-B3F7-6A90F131A5AD}.Release|Any CPU.Build.0 = Release|Any CPU
		{3ADC4D3D-7B4C-4EE8-BF8B-1C0F7F280332}.Debug|Any CPU.ActiveCfg = Debug|Any CPU
		{3ADC4D3D-7B4C-4EE8-BF8B-1C0F7F280332}.Debug|Any CPU.Build.0 = Debug|Any CPU
		{3ADC4D3D-7B4C-4EE8-BF8B-1C0F7F280332}.Release|Any CPU.ActiveCfg = Release|Any CPU
		{3ADC4D3D-7B4C-4EE8-BF8B-1C0F7F280332}.Release|Any CPU.Build.0 = Release|Any CPU
	EndGlobalSection
	GlobalSection(SolutionProperties) = preSolution
		HideSolutionNode = FALSE
	EndGlobalSection
	GlobalSection(ExtensibilityGlobals) = postSolution
		SolutionGuid = {F74490E5-38E6-40AD-9DA9-216669ED5821}
	EndGlobalSection
EndGlobal
